
Microsoft Visual Studio Solution File, Format Version 12.00
# Visual Studio Version 17
VisualStudioVersion = 17.10.35027.167
MinimumVisualStudioVersion = 10.0.40219.1
Project("{FAE04EC0-301F-11D3-BF4B-00C04F79EFBC}") = "Library Task", "Library Task\Library Task.csproj", "{962A9664-2A1E-4DB7-ADC1-65E95C963800}"
EndProject
Global
	GlobalSection(SolutionConfigurationPlatforms) = preSolution
		Debug|Any CPU = Debug|Any CPU
		Release|Any CPU = Release|Any CPU
	EndGlobalSection
	GlobalSection(ProjectConfigurationPlatforms) = postSolution
		{962A9664-2A1E-4DB7-ADC1-65E95C963800}.Debug|Any CPU.ActiveCfg = Debug|Any CPU
		{962A9664-2A1E-4DB7-ADC1-65E95C963800}.Debug|Any CPU.Build.0 = Debug|Any CPU
		{962A9664-2A1E-4DB7-ADC1-65E95C963800}.Release|Any CPU.ActiveCfg = Release|Any CPU
		{962A9664-2A1E-4DB7-ADC1-65E95C963800}.Release|Any CPU.Build.0 = Release|Any CPU
	EndGlobalSection
	GlobalSection(SolutionProperties) = preSolution
		HideSolutionNode = FALSE
	EndGlobalSection
	GlobalSection(ExtensibilityGlobals) = postSolution
		SolutionGuid = {CE7A71A2-2721-435F-9002-182E33F82FE0}
	EndGlobalSection
EndGlobal
